// !$*UTF8*$!
{
	archiveVersion = 1;
	classes = {
	};
	objectVersion = 77;
	objects = {

/* Begin PBXBuildFile section */
		0B9A45A707FC7343592A2774 /* APIClient.swift in Sources */ = {isa = PBXBuildFile; fileRef = 3E68BB2984C45D2615CC4C04 /* APIClient.swift */; };
		165F191332090D0C6D4AD0EC /* DonationWidget.swift in Sources */ = {isa = PBXBuildFile; fileRef = 08F5A002D5CB582341FA3A7A /* DonationWidget.swift */; };
		241C94B35CD93A49690FAD25 /* WidgetProvider.swift in Sources */ = {isa = PBXBuildFile; fileRef = D0ACD93BA9D5BE2B232E325A /* WidgetProvider.swift */; };
		268498F094CBF7197563F7B5 /* ClashCompanionApp.swift in Sources */ = {isa = PBXBuildFile; fileRef = FDF0562EA63F7E8287DD9E2C /* ClashCompanionApp.swift */; };
		455B763C7D942A5807E5FCE2 /* ClashCompanionWidgets.swift in Sources */ = {isa = PBXBuildFile; fileRef = CCB9670FE27EDFD55C45038B /* ClashCompanionWidgets.swift */; };
		4687DA50FA3F1A1A09ADCA5F /* Models.swift in Sources */ = {isa = PBXBuildFile; fileRef = E0A58C48D73C35D81E62301A /* Models.swift */; };
		47284F50AC4BF160C5A1B488 /* OnboardingViewModel.swift in Sources */ = {isa = PBXBuildFile; fileRef = 4F1D7A1C38907B68025BA7A6 /* OnboardingViewModel.swift */; };
		4C8331E8F67CAEEC32EB59B6 /* ClashCompanionWidgets.appex in Embed Foundation Extensions */ = {isa = PBXBuildFile; fileRef = 993F47C560F157A0D5B55C3A /* ClashCompanionWidgets.appex */; settings = {ATTRIBUTES = (RemoveHeadersOnCopy, ); }; };
		4D9A2789EF5396096FB0A3A4 /* ClashRegular.otf in Resources */ = {isa = PBXBuildFile; fileRef = 823809C0155E4E530B74A2BE /* ClashRegular.otf */; };
		53AA81C0A21DFE2FDF229658 /* OnboardingView.swift in Sources */ = {isa = PBXBuildFile; fileRef = 918E90F2209BB0B0B89F87CA /* OnboardingView.swift */; };
		72B54C45D2437F6F4564B09E /* WidgetDataStore.swift in Sources */ = {isa = PBXBuildFile; fileRef = B310E18EC0A0EBC48D74FACD /* WidgetDataStore.swift */; };
		7BAE713A7801D7AEFF765883 /* APIError.swift in Sources */ = {isa = PBXBuildFile; fileRef = AFBBEC99954E72AB1ABA7F2C /* APIError.swift */; };
		7DF19EF8289D58FB6F80A0CA /* DashboardViewModel.swift in Sources */ = {isa = PBXBuildFile; fileRef = BABACCECCC568381E1CA046B /* DashboardViewModel.swift */; };
		82AE05FE6E40EC4777BCEFD4 /* HeroLevelsWidget.swift in Sources */ = {isa = PBXBuildFile; fileRef = B180DF7F4EE32D6DD98B80DB /* HeroLevelsWidget.swift */; };
		9743B501549F85CD0A0FAD14 /* AccountStore.swift in Sources */ = {isa = PBXBuildFile; fileRef = B097045BADF021F89FA25170 /* AccountStore.swift */; };
		980AE5ECBC6C9663FFF7AC63 /* Assets.xcassets in Resources */ = {isa = PBXBuildFile; fileRef = 90F0AF0A6F8C9B105294B1FC /* Assets.xcassets */; };
		9843A6BB6F05158E66F173D9 /* Models.swift in Sources */ = {isa = PBXBuildFile; fileRef = E0A58C48D73C35D81E62301A /* Models.swift */; };
		9E77A5543FDA0B8BEBF00917 /* WarAttackWidget.swift in Sources */ = {isa = PBXBuildFile; fileRef = BE0C14356A292630218C498E /* WarAttackWidget.swift */; };
		A96767DB6D16813F7DEF796D /* APIError.swift in Sources */ = {isa = PBXBuildFile; fileRef = AFBBEC99954E72AB1ABA7F2C /* APIError.swift */; };
		AFBEE8623AE4845BCBFF225F /* KeychainStore.swift in Sources */ = {isa = PBXBuildFile; fileRef = 31BC2D4FDDA7D601BC3152EB /* KeychainStore.swift */; };
		CE06E2E7496B459389FC3861 /* KeychainStore.swift in Sources */ = {isa = PBXBuildFile; fileRef = 31BC2D4FDDA7D601BC3152EB /* KeychainStore.swift */; };
		D24667EB7EA2579F4CA262DD /* DashboardView.swift in Sources */ = {isa = PBXBuildFile; fileRef = 37CACCF8088E0B80DCB26207 /* DashboardView.swift */; };
		D38D730E685DDC0FB38A1795 /* AccountStore.swift in Sources */ = {isa = PBXBuildFile; fileRef = B097045BADF021F89FA25170 /* AccountStore.swift */; };
		E1862BF50F0073BD750325C9 /* CardView.swift in Sources */ = {isa = PBXBuildFile; fileRef = 7EF8B0528D0BA1FD9C203571 /* CardView.swift */; };
		F47389D6F19596D7C119A211 /* WidgetDataStore.swift in Sources */ = {isa = PBXBuildFile; fileRef = B310E18EC0A0EBC48D74FACD /* WidgetDataStore.swift */; };
		F53EEF2E788E05E385423A81 /* APIClient.swift in Sources */ = {isa = PBXBuildFile; fileRef = 3E68BB2984C45D2615CC4C04 /* APIClient.swift */; };
		FB3C43213EC23B19CCF66877 /* ClashRegular.otf in Resources */ = {isa = PBXBuildFile; fileRef = 823809C0155E4E530B74A2BE /* ClashRegular.otf */; };
/* End PBXBuildFile section */

/* Begin PBXContainerItemProxy section */
		A335F0D49E9E0F67557EFD0D /* PBXContainerItemProxy */ = {
			isa = PBXContainerItemProxy;
			containerPortal = 04B04A409975FC76C104ADB1 /* Project object */;
			proxyType = 1;
			remoteGlobalIDString = 108CBDD6A914CEB889D935B4;
			remoteInfo = ClashCompanionWidgets;
		};
/* End PBXContainerItemProxy section */

/* Begin PBXCopyFilesBuildPhase section */
		065796859370D778E60E1A1C /* Embed Foundation Extensions */ = {
			isa = PBXCopyFilesBuildPhase;
			buildActionMask = 2147483647;
			dstPath = "";
			dstSubfolderSpec = 13;
			files = (
				4C8331E8F67CAEEC32EB59B6 /* ClashCompanionWidgets.appex in Embed Foundation Extensions */,
			);
			name = "Embed Foundation Extensions";
			runOnlyForDeploymentPostprocessing = 0;
		};
/* End PBXCopyFilesBuildPhase section */

/* Begin PBXFileReference section */
		08F5A002D5CB582341FA3A7A /* DonationWidget.swift */ = {isa = PBXFileReference; lastKnownFileType = sourcecode.swift; path = DonationWidget.swift; sourceTree = "<group>"; };
		21105EDBA74568C4EDC44152 /* Info.plist */ = {isa = PBXFileReference; includeInIndex = 1; lastKnownFileType = text.plist.xml; path = Info.plist; sourceTree = "<group>"; };
		31BC2D4FDDA7D601BC3152EB /* KeychainStore.swift */ = {isa = PBXFileReference; lastKnownFileType = sourcecode.swift; path = KeychainStore.swift; sourceTree = "<group>"; };
		37CACCF8088E0B80DCB26207 /* DashboardView.swift */ = {isa = PBXFileReference; lastKnownFileType = sourcecode.swift; path = DashboardView.swift; sourceTree = "<group>"; };
		3E68BB2984C45D2615CC4C04 /* APIClient.swift */ = {isa = PBXFileReference; lastKnownFileType = sourcecode.swift; path = APIClient.swift; sourceTree = "<group>"; };
		4F1D7A1C38907B68025BA7A6 /* OnboardingViewModel.swift */ = {isa = PBXFileReference; lastKnownFileType = sourcecode.swift; path = OnboardingViewModel.swift; sourceTree = "<group>"; };
		7EF8B0528D0BA1FD9C203571 /* CardView.swift */ = {isa = PBXFileReference; lastKnownFileType = sourcecode.swift; path = CardView.swift; sourceTree = "<group>"; };
		823809C0155E4E530B74A2BE /* ClashRegular.otf */ = {isa = PBXFileReference; includeInIndex = 1; lastKnownFileType = file; path = ClashRegular.otf; sourceTree = "<group>"; };
		90F0AF0A6F8C9B105294B1FC /* Assets.xcassets */ = {isa = PBXFileReference; lastKnownFileType = folder.assetcatalog; path = Assets.xcassets; sourceTree = "<group>"; };
		918E90F2209BB0B0B89F87CA /* OnboardingView.swift */ = {isa = PBXFileReference; lastKnownFileType = sourcecode.swift; path = OnboardingView.swift; sourceTree = "<group>"; };
		993F47C560F157A0D5B55C3A /* ClashCompanionWidgets.appex */ = {isa = PBXFileReference; explicitFileType = "wrapper.app-extension"; includeInIndex = 0; path = ClashCompanionWidgets.appex; sourceTree = BUILT_PRODUCTS_DIR; };
		AFBBEC99954E72AB1ABA7F2C /* APIError.swift */ = {isa = PBXFileReference; lastKnownFileType = sourcecode.swift; path = APIError.swift; sourceTree = "<group>"; };
		B097045BADF021F89FA25170 /* AccountStore.swift */ = {isa = PBXFileReference; lastKnownFileType = sourcecode.swift; path = AccountStore.swift; sourceTree = "<group>"; };
		B180DF7F4EE32D6DD98B80DB /* HeroLevelsWidget.swift */ = {isa = PBXFileReference; lastKnownFileType = sourcecode.swift; path = HeroLevelsWidget.swift; sourceTree = "<group>"; };
		B310E18EC0A0EBC48D74FACD /* WidgetDataStore.swift */ = {isa = PBXFileReference; lastKnownFileType = sourcecode.swift; path = WidgetDataStore.swift; sourceTree = "<group>"; };
		BABACCECCC568381E1CA046B /* DashboardViewModel.swift */ = {isa = PBXFileReference; lastKnownFileType = sourcecode.swift; path = DashboardViewModel.swift; sourceTree = "<group>"; };
		BE0C14356A292630218C498E /* WarAttackWidget.swift */ = {isa = PBXFileReference; lastKnownFileType = sourcecode.swift; path = WarAttackWidget.swift; sourceTree = "<group>"; };
		C4A6C9780D92064FA2D8446F /* ClashCompanion.app */ = {isa = PBXFileReference; explicitFileType = wrapper.application; includeInIndex = 0; path = ClashCompanion.app; sourceTree = BUILT_PRODUCTS_DIR; };
		CCB9670FE27EDFD55C45038B /* ClashCompanionWidgets.swift */ = {isa = PBXFileReference; lastKnownFileType = sourcecode.swift; path = ClashCompanionWidgets.swift; sourceTree = "<group>"; };
		D0ACD93BA9D5BE2B232E325A /* WidgetProvider.swift */ = {isa = PBXFileReference; lastKnownFileType = sourcecode.swift; path = WidgetProvider.swift; sourceTree = "<group>"; };
		E0A58C48D73C35D81E62301A /* Models.swift */ = {isa = PBXFileReference; lastKnownFileType = sourcecode.swift; path = Models.swift; sourceTree = "<group>"; };
		FDF0562EA63F7E8287DD9E2C /* ClashCompanionApp.swift */ = {isa = PBXFileReference; lastKnownFileType = sourcecode.swift; path = ClashCompanionApp.swift; sourceTree = "<group>"; };
/* End PBXFileReference section */

/* Begin PBXGroup section */
		01883D3A8636AC572E906FD0 /* Dashboard */ = {
			isa = PBXGroup;
			children = (
				37CACCF8088E0B80DCB26207 /* DashboardView.swift */,
			);
			path = Dashboard;
			sourceTree = "<group>";
		};
		079E642A3C039309D04899E5 /* ClashCompanion */ = {
			isa = PBXGroup;
			children = (
				21105EDBA74568C4EDC44152 /* Info.plist */,
			);
			name = ClashCompanion;
			path = ClashCompanion;
			sourceTree = "<group>";
		};
		34AD8C5A9533EBDE1044E10E /* Products */ = {
			isa = PBXGroup;
			children = (
				C4A6C9780D92064FA2D8446F /* ClashCompanion.app */,
				993F47C560F157A0D5B55C3A /* ClashCompanionWidgets.appex */,
			);
			name = Products;
			sourceTree = "<group>";
		};
		3FB578A6836F4834F6130827 /* Components */ = {
			isa = PBXGroup;
			children = (
				7EF8B0528D0BA1FD9C203571 /* CardView.swift */,
			);
			path = Components;
			sourceTree = "<group>";
		};
		52802F4D07442501264658DA /* Views */ = {
			isa = PBXGroup;
			children = (
				3FB578A6836F4834F6130827 /* Components */,
				01883D3A8636AC572E906FD0 /* Dashboard */,
				9560C32BC0398CAEE5A47C43 /* Onboarding */,
			);
			path = Views;
			sourceTree = "<group>";
		};
		6A7BAC06D5FB9FC47AF9D9EB /* Widgets */ = {
			isa = PBXGroup;
			children = (
				CCB9670FE27EDFD55C45038B /* ClashCompanionWidgets.swift */,
				08F5A002D5CB582341FA3A7A /* DonationWidget.swift */,
				B180DF7F4EE32D6DD98B80DB /* HeroLevelsWidget.swift */,
				BE0C14356A292630218C498E /* WarAttackWidget.swift */,
				D0ACD93BA9D5BE2B232E325A /* WidgetProvider.swift */,
			);
			path = Widgets;
			sourceTree = "<group>";
		};
		7F363BA14F905A86A3DDD6FA /* Storage */ = {
			isa = PBXGroup;
			children = (
				B097045BADF021F89FA25170 /* AccountStore.swift */,
				31BC2D4FDDA7D601BC3152EB /* KeychainStore.swift */,
				B310E18EC0A0EBC48D74FACD /* WidgetDataStore.swift */,
			);
			path = Storage;
			sourceTree = "<group>";
		};
		82A7676CAF3513853102A69D /* Models */ = {
			isa = PBXGroup;
			children = (
				E0A58C48D73C35D81E62301A /* Models.swift */,
			);
			path = Models;
			sourceTree = "<group>";
		};
		8B21E0FB1674DBF5DB7AC00B /* Fonts */ = {
			isa = PBXGroup;
			children = (
				823809C0155E4E530B74A2BE /* ClashRegular.otf */,
			);
			path = Fonts;
			sourceTree = "<group>";
		};
		9560C32BC0398CAEE5A47C43 /* Onboarding */ = {
			isa = PBXGroup;
			children = (
				918E90F2209BB0B0B89F87CA /* OnboardingView.swift */,
			);
			path = Onboarding;
			sourceTree = "<group>";
		};
		C0FD32637A11960F91C06902 /* Networking */ = {
			isa = PBXGroup;
			children = (
				3E68BB2984C45D2615CC4C04 /* APIClient.swift */,
				AFBBEC99954E72AB1ABA7F2C /* APIError.swift */,
			);
			path = Networking;
			sourceTree = "<group>";
		};
		D92E0CA1B7DF15CC18E86801 = {
			isa = PBXGroup;
			children = (
				90F0AF0A6F8C9B105294B1FC /* Assets.xcassets */,
				FDF0562EA63F7E8287DD9E2C /* ClashCompanionApp.swift */,
				82A7676CAF3513853102A69D /* Models */,
				C0FD32637A11960F91C06902 /* Networking */,
				7F363BA14F905A86A3DDD6FA /* Storage */,
				FD4CA064274C173C5D61C1C1 /* ViewModels */,
				52802F4D07442501264658DA /* Views */,
				6A7BAC06D5FB9FC47AF9D9EB /* Widgets */,
				34AD8C5A9533EBDE1044E10E /* Products */,
				8B21E0FB1674DBF5DB7AC00B /* Fonts */,
				079E642A3C039309D04899E5 /* ClashCompanion */,
			);
			sourceTree = "<group>";
		};
		FD4CA064274C173C5D61C1C1 /* ViewModels */ = {
			isa = PBXGroup;
			children = (
				BABACCECCC568381E1CA046B /* DashboardViewModel.swift */,
				4F1D7A1C38907B68025BA7A6 /* OnboardingViewModel.swift */,
			);
			path = ViewModels;
			sourceTree = "<group>";
		};
/* End PBXGroup section */

/* Begin PBXNativeTarget section */
		108CBDD6A914CEB889D935B4 /* ClashCompanionWidgets */ = {
			isa = PBXNativeTarget;
			buildConfigurationList = EDBAC1CFC9872E2A29519DC9 /* Build configuration list for PBXNativeTarget "ClashCompanionWidgets" */;
			buildPhases = (
				0BC930CA764C005ED6E11603 /* Sources */,
				8B89A0AD0F9459566A72936C /* Resources */,
			);
			buildRules = (
			);
			dependencies = (
			);
			name = ClashCompanionWidgets;
			productName = ClashCompanionWidgets;
			productReference = 993F47C560F157A0D5B55C3A /* ClashCompanionWidgets.appex */;
			productType = "com.apple.product-type.app-extension";
		};
		20C645EA1D60DD68237DC49B /* ClashCompanion */ = {
			isa = PBXNativeTarget;
			buildConfigurationList = 0F6173E4BD4D8EA1E2024DE8 /* Build configuration list for PBXNativeTarget "ClashCompanion" */;
			buildPhases = (
				F0F1C8F9CC9842A259A48632 /* Sources */,
				5105A8820737BE3438771082 /* Resources */,
				065796859370D778E60E1A1C /* Embed Foundation Extensions */,
			);
			buildRules = (
			);
			dependencies = (
				C7091DF4EEF0CA452CF29D10 /* PBXTargetDependency */,
			);
			name = ClashCompanion;
			productName = ClashCompanion;
			productReference = C4A6C9780D92064FA2D8446F /* ClashCompanion.app */;
			productType = "com.apple.product-type.application";
		};
/* End PBXNativeTarget section */

/* Begin PBXProject section */
		04B04A409975FC76C104ADB1 /* Project object */ = {
			isa = PBXProject;
			attributes = {
				BuildIndependentTargetsInParallel = YES;
				LastUpgradeCheck = 1430;
				TargetAttributes = {
					108CBDD6A914CEB889D935B4 = {
						ProvisioningStyle = Automatic;
					};
					20C645EA1D60DD68237DC49B = {
						ProvisioningStyle = Automatic;
					};
				};
			};
			buildConfigurationList = 6BC06770177AEE890F1D6F18 /* Build configuration list for PBXProject "Clash Companion" */;
			developmentRegion = en;
			hasScannedForEncodings = 0;
			knownRegions = (
				Base,
				en,
			);
			mainGroup = D92E0CA1B7DF15CC18E86801;
			minimizedProjectReferenceProxies = 1;
			preferredProjectObjectVersion = 77;
			productRefGroup = 34AD8C5A9533EBDE1044E10E /* Products */;
			projectDirPath = "";
			projectRoot = "";
			targets = (
				20C645EA1D60DD68237DC49B /* ClashCompanion */,
				108CBDD6A914CEB889D935B4 /* ClashCompanionWidgets */,
			);
		};
/* End PBXProject section */

/* Begin PBXResourcesBuildPhase section */
		5105A8820737BE3438771082 /* Resources */ = {
			isa = PBXResourcesBuildPhase;
			buildActionMask = 2147483647;
			files = (
				980AE5ECBC6C9663FFF7AC63 /* Assets.xcassets in Resources */,
				FB3C43213EC23B19CCF66877 /* ClashRegular.otf in Resources */,
			);
			runOnlyForDeploymentPostprocessing = 0;
		};
		8B89A0AD0F9459566A72936C /* Resources */ = {
			isa = PBXResourcesBuildPhase;
			buildActionMask = 2147483647;
			files = (
				4D9A2789EF5396096FB0A3A4 /* ClashRegular.otf in Resources */,
			);
			runOnlyForDeploymentPostprocessing = 0;
		};
/* End PBXResourcesBuildPhase section */

/* Begin PBXSourcesBuildPhase section */
		0BC930CA764C005ED6E11603 /* Sources */ = {
			isa = PBXSourcesBuildPhase;
			buildActionMask = 2147483647;
			files = (
				F53EEF2E788E05E385423A81 /* APIClient.swift in Sources */,
				7BAE713A7801D7AEFF765883 /* APIError.swift in Sources */,
				D38D730E685DDC0FB38A1795 /* AccountStore.swift in Sources */,
				455B763C7D942A5807E5FCE2 /* ClashCompanionWidgets.swift in Sources */,
				165F191332090D0C6D4AD0EC /* DonationWidget.swift in Sources */,
				82AE05FE6E40EC4777BCEFD4 /* HeroLevelsWidget.swift in Sources */,
				CE06E2E7496B459389FC3861 /* KeychainStore.swift in Sources */,
				9843A6BB6F05158E66F173D9 /* Models.swift in Sources */,
				9E77A5543FDA0B8BEBF00917 /* WarAttackWidget.swift in Sources */,
				72B54C45D2437F6F4564B09E /* WidgetDataStore.swift in Sources */,
				241C94B35CD93A49690FAD25 /* WidgetProvider.swift in Sources */,
			);
			runOnlyForDeploymentPostprocessing = 0;
		};
		F0F1C8F9CC9842A259A48632 /* Sources */ = {
			isa = PBXSourcesBuildPhase;
			buildActionMask = 2147483647;
			files = (
				0B9A45A707FC7343592A2774 /* APIClient.swift in Sources */,
				A96767DB6D16813F7DEF796D /* APIError.swift in Sources */,
				9743B501549F85CD0A0FAD14 /* AccountStore.swift in Sources */,
				E1862BF50F0073BD750325C9 /* CardView.swift in Sources */,
				268498F094CBF7197563F7B5 /* ClashCompanionApp.swift in Sources */,
				D24667EB7EA2579F4CA262DD /* DashboardView.swift in Sources */,
				7DF19EF8289D58FB6F80A0CA /* DashboardViewModel.swift in Sources */,
				AFBEE8623AE4845BCBFF225F /* KeychainStore.swift in Sources */,
				4687DA50FA3F1A1A09ADCA5F /* Models.swift in Sources */,
				53AA81C0A21DFE2FDF229658 /* OnboardingView.swift in Sources */,
				47284F50AC4BF160C5A1B488 /* OnboardingViewModel.swift in Sources */,
				F47389D6F19596D7C119A211 /* WidgetDataStore.swift in Sources */,
			);
			runOnlyForDeploymentPostprocessing = 0;
		};
/* End PBXSourcesBuildPhase section */

/* Begin PBXTargetDependency section */
		C7091DF4EEF0CA452CF29D10 /* PBXTargetDependency */ = {
			isa = PBXTargetDependency;
			target = 108CBDD6A914CEB889D935B4 /* ClashCompanionWidgets */;
			targetProxy = A335F0D49E9E0F67557EFD0D /* PBXContainerItemProxy */;
		};
/* End PBXTargetDependency section */

/* Begin XCBuildConfiguration section */
		3F41D76FFEA561138122B7D2 /* Debug */ = {
			isa = XCBuildConfiguration;
			buildSettings = {
				ASSETCATALOG_COMPILER_APPICON_NAME = AppIcon;
				CODE_SIGN_ENTITLEMENTS = ClashCompanion.entitlements;
				CODE_SIGN_IDENTITY = "iPhone Developer";
				CODE_SIGN_STYLE = Automatic;
				CURRENT_PROJECT_VERSION = 1;
				DEVELOPMENT_TEAM = K554G79ZZY;
				ENABLE_PREVIEWS = YES;
				GENERATE_INFOPLIST_FILE = YES;
				INFOPLIST_FILE = ClashCompanion/Info.plist;
				INFOPLIST_KEY_NSAppTransportSecurity = "<dict><key>NSAllowsArbitraryLoads</key><true/></dict>";
				INFOPLIST_KEY_UIApplicationSceneManifest_Generation = NO;
				INFOPLIST_KEY_UILaunchScreen_Generation = YES;
				INFOPLIST_KEY_UIRequiresFullScreen = YES;
				IPHONEOS_DEPLOYMENT_TARGET = 17.0;
				LD_RUNPATH_SEARCH_PATHS = (
					"$(inherited)",
					"@executable_path/Frameworks",
				);
				MARKETING_VERSION = 1.0;
				PRODUCT_BUNDLE_IDENTIFIER = com.clashcompanion.ClashCompanion;
				SDKROOT = iphoneos;
				TARGETED_DEVICE_FAMILY = "1,2";
			};
			name = Debug;
		};
		4EF6C062F5DD0F12763ECB79 /* Debug */ = {
			isa = XCBuildConfiguration;
			buildSettings = {
				ALWAYS_SEARCH_USER_PATHS = NO;
				CLANG_ANALYZER_NONNULL = YES;
				CLANG_ANALYZER_NUMBER_OBJECT_CONVERSION = YES_AGGRESSIVE;
				CLANG_CXX_LANGUAGE_STANDARD = "gnu++14";
				CLANG_CXX_LIBRARY = "libc++";
				CLANG_ENABLE_MODULES = YES;
				CLANG_ENABLE_OBJC_ARC = YES;
				CLANG_ENABLE_OBJC_WEAK = YES;
				CLANG_WARN_BLOCK_CAPTURE_AUTORELEASING = YES;
				CLANG_WARN_BOOL_CONVERSION = YES;
				CLANG_WARN_COMMA = YES;
				CLANG_WARN_CONSTANT_CONVERSION = YES;
				CLANG_WARN_DEPRECATED_OBJC_IMPLEMENTATIONS = YES;
				CLANG_WARN_DIRECT_OBJC_ISA_USAGE = YES_ERROR;
				CLANG_WARN_DOCUMENTATION_COMMENTS = YES;
				CLANG_WARN_EMPTY_BODY = YES;
				CLANG_WARN_ENUM_CONVERSION = YES;
				CLANG_WARN_INFINITE_RECURSION = YES;
				CLANG_WARN_INT_CONVERSION = YES;
				CLANG_WARN_NON_LITERAL_NULL_CONVERSION = YES;
				CLANG_WARN_OBJC_IMPLICIT_RETAIN_SELF = YES;
				CLANG_WARN_OBJC_LITERAL_CONVERSION = YES;
				CLANG_WARN_OBJC_ROOT_CLASS = YES_ERROR;
				CLANG_WARN_QUOTED_INCLUDE_IN_FRAMEWORK_HEADER = YES;
				CLANG_WARN_RANGE_LOOP_ANALYSIS = YES;
				CLANG_WARN_STRICT_PROTOTYPES = YES;
				CLANG_WARN_SUSPICIOUS_MOVE = YES;
				CLANG_WARN_UNGUARDED_AVAILABILITY = YES_AGGRESSIVE;
				CLANG_WARN_UNREACHABLE_CODE = YES;
				CLANG_WARN__DUPLICATE_METHOD_MATCH = YES;
				COPY_PHASE_STRIP = NO;
				DEBUG_INFORMATION_FORMAT = dwarf;
				ENABLE_STRICT_OBJC_MSGSEND = YES;
				ENABLE_TESTABILITY = YES;
				GCC_C_LANGUAGE_STANDARD = gnu11;
				GCC_DYNAMIC_NO_PIC = NO;
				GCC_NO_COMMON_BLOCKS = YES;
				GCC_OPTIMIZATION_LEVEL = 0;
				GCC_PREPROCESSOR_DEFINITIONS = (
					"$(inherited)",
					"DEBUG=1",
				);
				GCC_WARN_64_TO_32_BIT_CONVERSION = YES;
				GCC_WARN_ABOUT_RETURN_TYPE = YES_ERROR;
				GCC_WARN_UNDECLARED_SELECTOR = YES;
				GCC_WARN_UNINITIALIZED_AUTOS = YES_AGGRESSIVE;
				GCC_WARN_UNUSED_FUNCTION = YES;
				GCC_WARN_UNUSED_VARIABLE = YES;
				MTL_ENABLE_DEBUG_INFO = INCLUDE_SOURCE;
				MTL_FAST_MATH = YES;
				ONLY_ACTIVE_ARCH = YES;
				PRODUCT_NAME = "$(TARGET_NAME)";
				SDKROOT = iphoneos;
				SWIFT_ACTIVE_COMPILATION_CONDITIONS = DEBUG;
				SWIFT_OPTIMIZATION_LEVEL = "-Onone";
				SWIFT_VERSION = 5.0;
			};
			name = Debug;
		};
		5148DEEE620DD700DC025047 /* Release */ = {
			isa = XCBuildConfiguration;
			buildSettings = {
				ASSETCATALOG_COMPILER_APPICON_NAME = AppIcon;
				CODE_SIGN_ENTITLEMENTS = ClashCompanion.entitlements;
				CODE_SIGN_IDENTITY = "iPhone Developer";
				CODE_SIGN_STYLE = Automatic;
				CURRENT_PROJECT_VERSION = 1;
				DEVELOPMENT_TEAM = K554G79ZZY;
				ENABLE_PREVIEWS = YES;
				GENERATE_INFOPLIST_FILE = YES;
				INFOPLIST_FILE = ClashCompanion/Info.plist;
				INFOPLIST_KEY_NSAppTransportSecurity = "<dict><key>NSAllowsArbitraryLoads</key><true/></dict>";
				INFOPLIST_KEY_UIApplicationSceneManifest_Generation = NO;
				INFOPLIST_KEY_UILaunchScreen_Generation = YES;
				INFOPLIST_KEY_UIRequiresFullScreen = YES;
				IPHONEOS_DEPLOYMENT_TARGET = 17.0;
				LD_RUNPATH_SEARCH_PATHS = (
					"$(inherited)",
					"@executable_path/Frameworks",
				);
				MARKETING_VERSION = 1.0;
				PRODUCT_BUNDLE_IDENTIFIER = com.clashcompanion.ClashCompanion;
				SDKROOT = iphoneos;
				TARGETED_DEVICE_FAMILY = "1,2";
			};
			name = Release;
		};
		6126878435AAA837AEE72AD0 /* Release */ = {
			isa = XCBuildConfiguration;
			buildSettings = {
				ALWAYS_SEARCH_USER_PATHS = NO;
				CLANG_ANALYZER_NONNULL = YES;
				CLANG_ANALYZER_NUMBER_OBJECT_CONVERSION = YES_AGGRESSIVE;
				CLANG_CXX_LANGUAGE_STANDARD = "gnu++14";
				CLANG_CXX_LIBRARY = "libc++";
				CLANG_ENABLE_MODULES = YES;
				CLANG_ENABLE_OBJC_ARC = YES;
				CLANG_ENABLE_OBJC_WEAK = YES;
				CLANG_WARN_BLOCK_CAPTURE_AUTORELEASING = YES;
				CLANG_WARN_BOOL_CONVERSION = YES;
				CLANG_WARN_COMMA = YES;
				CLANG_WARN_CONSTANT_CONVERSION = YES;
				CLANG_WARN_DEPRECATED_OBJC_IMPLEMENTATIONS = YES;
				CLANG_WARN_DIRECT_OBJC_ISA_USAGE = YES_ERROR;
				CLANG_WARN_DOCUMENTATION_COMMENTS = YES;
				CLANG_WARN_EMPTY_BODY = YES;
				CLANG_WARN_ENUM_CONVERSION = YES;
				CLANG_WARN_INFINITE_RECURSION = YES;
				CLANG_WARN_INT_CONVERSION = YES;
				CLANG_WARN_NON_LITERAL_NULL_CONVERSION = YES;
				CLANG_WARN_OBJC_IMPLICIT_RETAIN_SELF = YES;
				CLANG_WARN_OBJC_LITERAL_CONVERSION = YES;
				CLANG_WARN_OBJC_ROOT_CLASS = YES_ERROR;
				CLANG_WARN_QUOTED_INCLUDE_IN_FRAMEWORK_HEADER = YES;
				CLANG_WARN_RANGE_LOOP_ANALYSIS = YES;
				CLANG_WARN_STRICT_PROTOTYPES = YES;
				CLANG_WARN_SUSPICIOUS_MOVE = YES;
				CLANG_WARN_UNGUARDED_AVAILABILITY = YES_AGGRESSIVE;
				CLANG_WARN_UNREACHABLE_CODE = YES;
				CLANG_WARN__DUPLICATE_METHOD_MATCH = YES;
				COPY_PHASE_STRIP = NO;
				DEBUG_INFORMATION_FORMAT = "dwarf-with-dsym";
				ENABLE_NS_ASSERTIONS = NO;
				ENABLE_STRICT_OBJC_MSGSEND = YES;
				GCC_C_LANGUAGE_STANDARD = gnu11;
				GCC_NO_COMMON_BLOCKS = YES;
				GCC_WARN_64_TO_32_BIT_CONVERSION = YES;
				GCC_WARN_ABOUT_RETURN_TYPE = YES_ERROR;
				GCC_WARN_UNDECLARED_SELECTOR = YES;
				GCC_WARN_UNINITIALIZED_AUTOS = YES_AGGRESSIVE;
				GCC_WARN_UNUSED_FUNCTION = YES;
				GCC_WARN_UNUSED_VARIABLE = YES;
				MTL_ENABLE_DEBUG_INFO = NO;
				MTL_FAST_MATH = YES;
				PRODUCT_NAME = "$(TARGET_NAME)";
				SDKROOT = iphoneos;
				SWIFT_COMPILATION_MODE = wholemodule;
				SWIFT_OPTIMIZATION_LEVEL = "-O";
				SWIFT_VERSION = 5.0;
			};
			name = Release;
		};
		8D9C003A23E8ACB20A87FA2E /* Release */ = {
			isa = XCBuildConfiguration;
			buildSettings = {
				CODE_SIGN_ENTITLEMENTS = ClashCompanion.entitlements;
				CODE_SIGN_STYLE = Automatic;
				CURRENT_PROJECT_VERSION = 1;
				DEVELOPMENT_TEAM = K554G79ZZY;
				ENABLE_PREVIEWS = YES;
				EXCLUDED_ARCHS = "";
				GENERATE_INFOPLIST_FILE = YES;
				INFOPLIST_FILE = ClashCompanionWidgets/Info.plist;
				INFOPLIST_KEY_NSAppTransportSecurity = "<dict><key>NSAllowsArbitraryLoads</key><true/></dict>";
				IPHONEOS_DEPLOYMENT_TARGET = 17.0;
				LD_RUNPATH_SEARCH_PATHS = (
					"$(inherited)",
					"@executable_path/Frameworks",
					"@executable_path/../../Frameworks",
				);
				MARKETING_VERSION = 1.0;
				PRODUCT_BUNDLE_IDENTIFIER = com.clashcompanion.ClashCompanion.ClashCompanionWidgets;
				SDKROOT = iphoneos;
				SKIP_INSTALL = YES;
				TARGETED_DEVICE_FAMILY = "1,2";
			};
			name = Release;
		};
		C3B1D33A9FC98F0A04D721CD /* Debug */ = {
			isa = XCBuildConfiguration;
			buildSettings = {
				CODE_SIGN_ENTITLEMENTS = ClashCompanion.entitlements;
				CODE_SIGN_STYLE = Automatic;
				CURRENT_PROJECT_VERSION = 1;
				DEVELOPMENT_TEAM = K554G79ZZY;
				ENABLE_PREVIEWS = YES;
				EXCLUDED_ARCHS = "";
				GENERATE_INFOPLIST_FILE = YES;
				INFOPLIST_FILE = ClashCompanionWidgets/Info.plist;
				INFOPLIST_KEY_NSAppTransportSecurity = "<dict><key>NSAllowsArbitraryLoads</key><true/></dict>";
				IPHONEOS_DEPLOYMENT_TARGET = 17.0;
				LD_RUNPATH_SEARCH_PATHS = (
					"$(inherited)",
					"@executable_path/Frameworks",
					"@executable_path/../../Frameworks",
				);
				MARKETING_VERSION = 1.0;
				PRODUCT_BUNDLE_IDENTIFIER = com.clashcompanion.ClashCompanion.ClashCompanionWidgets;
				SDKROOT = iphoneos;
				SKIP_INSTALL = YES;
				TARGETED_DEVICE_FAMILY = "1,2";
			};
			name = Debug;
		};
/* End XCBuildConfiguration section */

/* Begin XCConfigurationList section */
		0F6173E4BD4D8EA1E2024DE8 /* Build configuration list for PBXNativeTarget "ClashCompanion" */ = {
			isa = XCConfigurationList;
			buildConfigurations = (
				3F41D76FFEA561138122B7D2 /* Debug */,
				5148DEEE620DD700DC025047 /* Release */,
			);
			defaultConfigurationIsVisible = 0;
			defaultConfigurationName = Debug;
		};
		6BC06770177AEE890F1D6F18 /* Build configuration list for PBXProject "Clash Companion" */ = {
			isa = XCConfigurationList;
			buildConfigurations = (
				4EF6C062F5DD0F12763ECB79 /* Debug */,
				6126878435AAA837AEE72AD0 /* Release */,
			);
			defaultConfigurationIsVisible = 0;
			defaultConfigurationName = Debug;
		};
		EDBAC1CFC9872E2A29519DC9 /* Build configuration list for PBXNativeTarget "ClashCompanionWidgets" */ = {
			isa = XCConfigurationList;
			buildConfigurations = (
				C3B1D33A9FC98F0A04D721CD /* Debug */,
				8D9C003A23E8ACB20A87FA2E /* Release */,
			);
			defaultConfigurationIsVisible = 0;
			defaultConfigurationName = Debug;
		};
/* End XCConfigurationList section */
	};
	rootObject = 04B04A409975FC76C104ADB1 /* Project object */;
}
